
Microsoft Visual Studio Solution File, Format Version 12.00
# Visual Studio 2017
Project("{FAE04EC0-301F-11D3-BF4B-00C04F79EFBC}") = "BCI-VR", "BCI-VR.csproj", "{70611AD1-6EAB-3CDB-858E-DD6B145EB8EC}"
EndProject
Project("{FAE04EC0-301F-11D3-BF4B-00C04F79EFBC}") = "BCI-VR.Editor", "BCI-VR.Editor.csproj", "{D65F3C67-4827-1B99-6A00-6CD0DBBC0304}"
EndProject
Global
	GlobalSection(SolutionConfigurationPlatforms) = preSolution
		Debug|Any CPU = Debug|Any CPU
		Release|Any CPU = Release|Any CPU
	EndGlobalSection
	GlobalSection(ProjectConfigurationPlatforms) = postSolution
		{70611AD1-6EAB-3CDB-858E-DD6B145EB8EC}.Debug|Any CPU.ActiveCfg = Debug|Any CPU
		{70611AD1-6EAB-3CDB-858E-DD6B145EB8EC}.Debug|Any CPU.Build.0 = Debug|Any CPU
		{70611AD1-6EAB-3CDB-858E-DD6B145EB8EC}.Release|Any CPU.ActiveCfg = Release|Any CPU
		{70611AD1-6EAB-3CDB-858E-DD6B145EB8EC}.Release|Any CPU.Build.0 = Release|Any CPU
		{D65F3C67-4827-1B99-6A00-6CD0DBBC0304}.Debug|Any CPU.ActiveCfg = Debug|Any CPU
		{D65F3C67-4827-1B99-6A00-6CD0DBBC0304}.Debug|Any CPU.Build.0 = Debug|Any CPU
		{D65F3C67-4827-1B99-6A00-6CD0DBBC0304}.Release|Any CPU.ActiveCfg = Release|Any CPU
		{D65F3C67-4827-1B99-6A00-6CD0DBBC0304}.Release|Any CPU.Build.0 = Release|Any CPU
	EndGlobalSection
	GlobalSection(SolutionProperties) = preSolution
		HideSolutionNode = FALSE
	EndGlobalSection
EndGlobal
